
Microsoft Visual Studio Solution File, Format Version 12.00
# Visual Studio Version 16
VisualStudioVersion = 16.0.31105.61
MinimumVisualStudioVersion = 10.0.40219.1
Project("{FAE04EC0-301F-11D3-BF4B-00C04F79EFBC}") = "Task1", "Task1\Task1.csproj", "{92F96D57-65C0-4E95-9A8A-8E9517398B2D}"
EndProject
Project("{FAE04EC0-301F-11D3-BF4B-00C04F79EFBC}") = "Task2", "Task2\Task2.csproj", "{4C04C48D-6384-43F1-A874-44D3A8CF362E}"
EndProject
Project("{FAE04EC0-301F-11D3-BF4B-00C04F79EFBC}") = "Task3", "Task3\Task3.csproj", "{62E06B3B-0460-4C0E-93E2-8002762FCE48}"
EndProject
Global
	GlobalSection(SolutionConfigurationPlatforms) = preSolution
		Debug|Any CPU = Debug|Any CPU
		Release|Any CPU = Release|Any CPU
	EndGlobalSection
	GlobalSection(ProjectConfigurationPlatforms) = postSolution
		{92F96D57-65C0-4E95-9A8A-8E9517398B2D}.Debug|Any CPU.ActiveCfg = Debug|Any CPU
		{92F96D57-65C0-4E95-9A8A-8E9517398B2D}.Debug|Any CPU.Build.0 = Debug|Any CPU
		{92F96D57-65C0-4E95-9A8A-8E9517398B2D}.Release|Any CPU.ActiveCfg = Release|Any CPU
		{92F96D57-65C0-4E95-9A8A-8E9517398B2D}.Release|Any CPU.Build.0 = Release|Any CPU
		{4C04C48D-6384-43F1-A874-44D3A8CF362E}.Debug|Any CPU.ActiveCfg = Debug|Any CPU
		{4C04C48D-6384-43F1-A874-44D3A8CF362E}.Debug|Any CPU.Build.0 = Debug|Any CPU
		{4C04C48D-6384-43F1-A874-44D3A8CF362E}.Release|Any CPU.ActiveCfg = Release|Any CPU
		{4C04C48D-6384-43F1-A874-44D3A8CF362E}.Release|Any CPU.Build.0 = Release|Any CPU
		{62E06B3B-0460-4C0E-93E2-8002762FCE48}.Debug|Any CPU.ActiveCfg = Debug|Any CPU
		{62E06B3B-0460-4C0E-93E2-8002762FCE48}.Debug|Any CPU.Build.0 = Debug|Any CPU
		{62E06B3B-0460-4C0E-93E2-8002762FCE48}.Release|Any CPU.ActiveCfg = Release|Any CPU
		{62E06B3B-0460-4C0E-93E2-8002762FCE48}.Release|Any CPU.Build.0 = Release|Any CPU
	EndGlobalSection
	GlobalSection(SolutionProperties) = preSolution
		HideSolutionNode = FALSE
	EndGlobalSection
	GlobalSection(ExtensibilityGlobals) = postSolution
		SolutionGuid = {E54AA2ED-62E1-47B4-8FB9-1E61DEB8B20C}
	EndGlobalSection
EndGlobal
